
Microsoft Visual Studio Solution File, Format Version 12.00
# Visual Studio Version 16
VisualStudioVersion = 16.0.29001.49
MinimumVisualStudioVersion = 10.0.40219.1
Project("{FAE04EC0-301F-11D3-BF4B-00C04F79EFBC}") = "Assignment 1", "Assignment 1\Assignment 1.csproj", "{F05755E4-15E1-46AB-8D0A-8496F8FFBC7E}"
EndProject
Global
	GlobalSection(SolutionConfigurationPlatforms) = preSolution
		Debug|Any CPU = Debug|Any CPU
		Release|Any CPU = Release|Any CPU
	EndGlobalSection
	GlobalSection(ProjectConfigurationPlatforms) = postSolution
		{F05755E4-15E1-46AB-8D0A-8496F8FFBC7E}.Debug|Any CPU.ActiveCfg = Debug|Any CPU
		{F05755E4-15E1-46AB-8D0A-8496F8FFBC7E}.Debug|Any CPU.Build.0 = Debug|Any CPU
		{F05755E4-15E1-46AB-8D0A-8496F8FFBC7E}.Release|Any CPU.ActiveCfg = Release|Any CPU
		{F05755E4-15E1-46AB-8D0A-8496F8FFBC7E}.Release|Any CPU.Build.0 = Release|Any CPU
	EndGlobalSection
	GlobalSection(SolutionProperties) = preSolution
		HideSolutionNode = FALSE
	EndGlobalSection
	GlobalSection(ExtensibilityGlobals) = postSolution
		SolutionGuid = {480B6D89-AD30-4156-8C9F-1D6F889EF045}
	EndGlobalSection
EndGlobal
